
Microsoft Visual Studio Solution File, Format Version 12.00
# Visual Studio Version 17
VisualStudioVersion = 17.1.32228.430
MinimumVisualStudioVersion = 10.0.40219.1
Project("{778DAE3C-4631-46EA-AA77-85C1314464D9}") = "Ej1", "Practica\Ej1.vbproj", "{6F559235-161E-48FD-882B-32B1884A69F7}"
EndProject
Project("{778DAE3C-4631-46EA-AA77-85C1314464D9}") = "Ej2", "Ej2\Ej2.vbproj", "{4502AD63-EFD7-4031-85B7-F48174DF9FA7}"
EndProject
Project("{F184B08F-C81C-45F6-A57F-5ABD9991F28F}") = "Ej3", "Ej3\Ej3.vbproj", "{DB31AF91-EC79-43FE-99E6-CA5CCEBB2ED7}"
EndProject
Project("{F184B08F-C81C-45F6-A57F-5ABD9991F28F}") = "Ej4", "Ej4\Ej4.vbproj", "{CD8D00AB-7126-4F02-BB3B-E3A4BD5E9E12}"
EndProject
Project("{F184B08F-C81C-45F6-A57F-5ABD9991F28F}") = "Ej5", "Ej5\Ej5.vbproj", "{8934EB6C-6B0F-4FFF-9EA7-9B081EBC48C2}"
EndProject
Project("{F184B08F-C81C-45F6-A57F-5ABD9991F28F}") = "Ej6", "Ej6\Ej6.vbproj", "{552D3ED6-FBFF-4743-8227-01E1D35A5287}"
EndProject
Project("{F184B08F-C81C-45F6-A57F-5ABD9991F28F}") = "Ej7", "Ej7\Ej7.vbproj", "{1524E6C7-4D08-4B5F-9077-F81B23A4B526}"
EndProject
Project("{F184B08F-C81C-45F6-A57F-5ABD9991F28F}") = "Ej8", "Ej8\Ej8.vbproj", "{3BA6BAD2-43BE-4B41-A3F7-0D14E88F1B86}"
EndProject
Project("{F184B08F-C81C-45F6-A57F-5ABD9991F28F}") = "Ej9", "Ej9\Ej9.vbproj", "{9DB33840-5857-4486-86A8-069A5CB0855C}"
EndProject
Project("{F184B08F-C81C-45F6-A57F-5ABD9991F28F}") = "Ej10", "Ej10\Ej10.vbproj", "{2758EF87-839B-47FD-A967-BD2E7097FE5F}"
EndProject
Project("{F184B08F-C81C-45F6-A57F-5ABD9991F28F}") = "Ej11", "Ej11\Ej11.vbproj", "{3DB3204E-0F19-48CB-95D6-01EDE1873CAB}"
EndProject
Project("{F184B08F-C81C-45F6-A57F-5ABD9991F28F}") = "Ej12", "Ej12\Ej12.vbproj", "{050964F7-B3BF-443A-A2CF-3493A3DAB110}"
EndProject
Project("{F184B08F-C81C-45F6-A57F-5ABD9991F28F}") = "Ej13", "Ej13\Ej13.vbproj", "{3BC67163-837B-4E24-8042-EDFEE474439D}"
EndProject
Project("{F184B08F-C81C-45F6-A57F-5ABD9991F28F}") = "Ej14", "Ej14\Ej14.vbproj", "{54A6AB85-51B6-4E8D-A631-CD7B871B33A9}"
EndProject
Project("{F184B08F-C81C-45F6-A57F-5ABD9991F28F}") = "Ej15", "Ej15\Ej15.vbproj", "{D88CF599-6549-447F-B747-2E65BD0EBF2D}"
EndProject
Project("{F184B08F-C81C-45F6-A57F-5ABD9991F28F}") = "Ej16", "Ej16\Ej16.vbproj", "{6282720E-4032-48DB-9171-25C067AD6BE5}"
EndProject
Project("{F184B08F-C81C-45F6-A57F-5ABD9991F28F}") = "Ej17", "Ej17\Ej17.vbproj", "{653B97B1-36F1-4B65-83BD-0A1715F1B7CB}"
EndProject
Project("{F184B08F-C81C-45F6-A57F-5ABD9991F28F}") = "Ej18", "Ej18\Ej18.vbproj", "{E7D0975B-D034-44E4-A555-2BA837CD5C28}"
EndProject
Project("{F184B08F-C81C-45F6-A57F-5ABD9991F28F}") = "Ej19", "Ej19\Ej19.vbproj", "{CE9156E6-3281-49AB-913B-01CF083F7DBE}"
EndProject
Project("{F184B08F-C81C-45F6-A57F-5ABD9991F28F}") = "Ej20", "Ej20\Ej20.vbproj", "{C69B4941-2498-4CC8-B1C0-AAE723B03BD6}"
EndProject
Project("{F184B08F-C81C-45F6-A57F-5ABD9991F28F}") = "Ej21", "Ej21\Ej21.vbproj", "{281E0614-B02A-457E-BC09-BE60688C17B1}"
EndProject
Project("{F184B08F-C81C-45F6-A57F-5ABD9991F28F}") = "Ej22", "Ej22\Ej22.vbproj", "{47CACFE7-6983-4963-86BD-A594F9EACB54}"
EndProject
Project("{F184B08F-C81C-45F6-A57F-5ABD9991F28F}") = "Ej23", "Ej23\Ej23.vbproj", "{9E0F4605-0B4C-4D61-9DB6-57B0010219EC}"
EndProject
Project("{F184B08F-C81C-45F6-A57F-5ABD9991F28F}") = "Ej24", "Ej24\Ej24.vbproj", "{CE8BE832-85B1-4111-8D41-50B919F2F7B0}"
EndProject
Project("{F184B08F-C81C-45F6-A57F-5ABD9991F28F}") = "Ej25", "Ej25\Ej25.vbproj", "{8DFA9760-1AC4-4E00-A9BC-D770B9040B48}"
EndProject
Project("{F184B08F-C81C-45F6-A57F-5ABD9991F28F}") = "Ej26", "Ej26\Ej26.vbproj", "{CBFBEE68-A8E5-4370-B3C1-5CC347118C01}"
EndProject
Project("{F184B08F-C81C-45F6-A57F-5ABD9991F28F}") = "Ej27", "Ej27\Ej27.vbproj", "{2639CE92-F4BF-4FE5-B2AC-CE9D0BDF57B5}"
EndProject
Project("{F184B08F-C81C-45F6-A57F-5ABD9991F28F}") = "Ej28", "Ej28\Ej28.vbproj", "{59FDBC92-F123-4BCC-A14F-BF8BED5CE797}"
EndProject
Project("{F184B08F-C81C-45F6-A57F-5ABD9991F28F}") = "Ej29", "Ej29\Ej29.vbproj", "{8E8DED84-2126-4F68-ABAC-702CEE858EEA}"
EndProject
Project("{F184B08F-C81C-45F6-A57F-5ABD9991F28F}") = "Ej30", "Ej30\Ej30.vbproj", "{7C5CCD47-C439-4393-B82D-1CF677B70D83}"
EndProject
Project("{F184B08F-C81C-45F6-A57F-5ABD9991F28F}") = "Ej31", "Ej31\Ej31.vbproj", "{2E30AFC6-D9BC-4C8E-A542-88B1A9C988E2}"
EndProject
Project("{F184B08F-C81C-45F6-A57F-5ABD9991F28F}") = "Ej32", "Ej32\Ej32.vbproj", "{7F113270-4B3C-47F1-A2D4-2F9D3F4EF9A0}"
EndProject
Global
	GlobalSection(SolutionConfigurationPlatforms) = preSolution
		Debug|Any CPU = Debug|Any CPU
		Release|Any CPU = Release|Any CPU
	EndGlobalSection
	GlobalSection(ProjectConfigurationPlatforms) = postSolution
		{6F559235-161E-48FD-882B-32B1884A69F7}.Debug|Any CPU.ActiveCfg = Debug|Any CPU
		{6F559235-161E-48FD-882B-32B1884A69F7}.Debug|Any CPU.Build.0 = Debug|Any CPU
		{6F559235-161E-48FD-882B-32B1884A69F7}.Release|Any CPU.ActiveCfg = Release|Any CPU
		{6F559235-161E-48FD-882B-32B1884A69F7}.Release|Any CPU.Build.0 = Release|Any CPU
		{4502AD63-EFD7-4031-85B7-F48174DF9FA7}.Debug|Any CPU.ActiveCfg = Debug|Any CPU
		{4502AD63-EFD7-4031-85B7-F48174DF9FA7}.Debug|Any CPU.Build.0 = Debug|Any CPU
		{4502AD63-EFD7-4031-85B7-F48174DF9FA7}.Release|Any CPU.ActiveCfg = Release|Any CPU
		{4502AD63-EFD7-4031-85B7-F48174DF9FA7}.Release|Any CPU.Build.0 = Release|Any CPU
		{DB31AF91-EC79-43FE-99E6-CA5CCEBB2ED7}.Debug|Any CPU.ActiveCfg = Debug|Any CPU
		{DB31AF91-EC79-43FE-99E6-CA5CCEBB2ED7}.Debug|Any CPU.Build.0 = Debug|Any CPU
		{DB31AF91-EC79-43FE-99E6-CA5CCEBB2ED7}.Release|Any CPU.ActiveCfg = Release|Any CPU
		{DB31AF91-EC79-43FE-99E6-CA5CCEBB2ED7}.Release|Any CPU.Build.0 = Release|Any CPU
		{CD8D00AB-7126-4F02-BB3B-E3A4BD5E9E12}.Debug|Any CPU.ActiveCfg = Debug|Any CPU
		{CD8D00AB-7126-4F02-BB3B-E3A4BD5E9E12}.Debug|Any CPU.Build.0 = Debug|Any CPU
		{CD8D00AB-7126-4F02-BB3B-E3A4BD5E9E12}.Release|Any CPU.ActiveCfg = Release|Any CPU
		{CD8D00AB-7126-4F02-BB3B-E3A4BD5E9E12}.Release|Any CPU.Build.0 = Release|Any CPU
		{8934EB6C-6B0F-4FFF-9EA7-9B081EBC48C2}.Debug|Any CPU.ActiveCfg = Debug|Any CPU
		{8934EB6C-6B0F-4FFF-9EA7-9B081EBC48C2}.Debug|Any CPU.Build.0 = Debug|Any CPU
		{8934EB6C-6B0F-4FFF-9EA7-9B081EBC48C2}.Release|Any CPU.ActiveCfg = Release|Any CPU
		{8934EB6C-6B0F-4FFF-9EA7-9B081EBC48C2}.Release|Any CPU.Build.0 = Release|Any CPU
		{552D3ED6-FBFF-4743-8227-01E1D35A5287}.Debug|Any CPU.ActiveCfg = Debug|Any CPU
		{552D3ED6-FBFF-4743-8227-01E1D35A5287}.Debug|Any CPU.Build.0 = Debug|Any CPU
		{552D3ED6-FBFF-4743-8227-01E1D35A5287}.Release|Any CPU.ActiveCfg = Release|Any CPU
		{552D3ED6-FBFF-4743-8227-01E1D35A5287}.Release|Any CPU.Build.0 = Release|Any CPU
		{1524E6C7-4D08-4B5F-9077-F81B23A4B526}.Debug|Any CPU.ActiveCfg = Debug|Any CPU
		{1524E6C7-4D08-4B5F-9077-F81B23A4B526}.Debug|Any CPU.Build.0 = Debug|Any CPU
		{1524E6C7-4D08-4B5F-9077-F81B23A4B526}.Release|Any CPU.ActiveCfg = Release|Any CPU
		{1524E6C7-4D08-4B5F-9077-F81B23A4B526}.Release|Any CPU.Build.0 = Release|Any CPU
		{3BA6BAD2-43BE-4B41-A3F7-0D14E88F1B86}.Debug|Any CPU.ActiveCfg = Debug|Any CPU
		{3BA6BAD2-43BE-4B41-A3F7-0D14E88F1B86}.Debug|Any CPU.Build.0 = Debug|Any CPU
		{3BA6BAD2-43BE-4B41-A3F7-0D14E88F1B86}.Release|Any CPU.ActiveCfg = Release|Any CPU
		{3BA6BAD2-43BE-4B41-A3F7-0D14E88F1B86}.Release|Any CPU.Build.0 = Release|Any CPU
		{9DB33840-5857-4486-86A8-069A5CB0855C}.Debug|Any CPU.ActiveCfg = Debug|Any CPU
		{9DB33840-5857-4486-86A8-069A5CB0855C}.Debug|Any CPU.Build.0 = Debug|Any CPU
		{9DB33840-5857-4486-86A8-069A5CB0855C}.Release|Any CPU.ActiveCfg = Release|Any CPU
		{9DB33840-5857-4486-86A8-069A5CB0855C}.Release|Any CPU.Build.0 = Release|Any CPU
		{2758EF87-839B-47FD-A967-BD2E7097FE5F}.Debug|Any CPU.ActiveCfg = Debug|Any CPU
		{2758EF87-839B-47FD-A967-BD2E7097FE5F}.Debug|Any CPU.Build.0 = Debug|Any CPU
		{2758EF87-839B-47FD-A967-BD2E7097FE5F}.Release|Any CPU.ActiveCfg = Release|Any CPU
		{2758EF87-839B-47FD-A967-BD2E7097FE5F}.Release|Any CPU.Build.0 = Release|Any CPU
		{3DB3204E-0F19-48CB-95D6-01EDE1873CAB}.Debug|Any CPU.ActiveCfg = Debug|Any CPU
		{3DB3204E-0F19-48CB-95D6-01EDE1873CAB}.Debug|Any CPU.Build.0 = Debug|Any CPU
		{3DB3204E-0F19-48CB-95D6-01EDE1873CAB}.Release|Any CPU.ActiveCfg = Release|Any CPU
		{3DB3204E-0F19-48CB-95D6-01EDE1873CAB}.Release|Any CPU.Build.0 = Release|Any CPU
		{050964F7-B3BF-443A-A2CF-3493A3DAB110}.Debug|Any CPU.ActiveCfg = Debug|Any CPU
		{050964F7-B3BF-443A-A2CF-3493A3DAB110}.Debug|Any CPU.Build.0 = Debug|Any CPU
		{050964F7-B3BF-443A-A2CF-3493A3DAB110}.Release|Any CPU.ActiveCfg = Release|Any CPU
		{050964F7-B3BF-443A-A2CF-3493A3DAB110}.Release|Any CPU.Build.0 = Release|Any CPU
		{3BC67163-837B-4E24-8042-EDFEE474439D}.Debug|Any CPU.ActiveCfg = Debug|Any CPU
		{3BC67163-837B-4E24-8042-EDFEE474439D}.Debug|Any CPU.Build.0 = Debug|Any CPU
		{3BC67163-837B-4E24-8042-EDFEE474439D}.Release|Any CPU.ActiveCfg = Release|Any CPU
		{3BC67163-837B-4E24-8042-EDFEE474439D}.Release|Any CPU.Build.0 = Release|Any CPU
		{54A6AB85-51B6-4E8D-A631-CD7B871B33A9}.Debug|Any CPU.ActiveCfg = Debug|Any CPU
		{54A6AB85-51B6-4E8D-A631-CD7B871B33A9}.Debug|Any CPU.Build.0 = Debug|Any CPU
		{54A6AB85-51B6-4E8D-A631-CD7B871B33A9}.Release|Any CPU.ActiveCfg = Release|Any CPU
		{54A6AB85-51B6-4E8D-A631-CD7B871B33A9}.Release|Any CPU.Build.0 = Release|Any CPU
		{D88CF599-6549-447F-B747-2E65BD0EBF2D}.Debug|Any CPU.ActiveCfg = Debug|Any CPU
		{D88CF599-6549-447F-B747-2E65BD0EBF2D}.Debug|Any CPU.Build.0 = Debug|Any CPU
		{D88CF599-6549-447F-B747-2E65BD0EBF2D}.Release|Any CPU.ActiveCfg = Release|Any CPU
		{D88CF599-6549-447F-B747-2E65BD0EBF2D}.Release|Any CPU.Build.0 = Release|Any CPU
		{6282720E-4032-48DB-9171-25C067AD6BE5}.Debug|Any CPU.ActiveCfg = Debug|Any CPU
		{6282720E-4032-48DB-9171-25C067AD6BE5}.Debug|Any CPU.Build.0 = Debug|Any CPU
		{6282720E-4032-48DB-9171-25C067AD6BE5}.Release|Any CPU.ActiveCfg = Release|Any CPU
		{6282720E-4032-48DB-9171-25C067AD6BE5}.Release|Any CPU.Build.0 = Release|Any CPU
		{653B97B1-36F1-4B65-83BD-0A1715F1B7CB}.Debug|Any CPU.ActiveCfg = Debug|Any CPU
		{653B97B1-36F1-4B65-83BD-0A1715F1B7CB}.Debug|Any CPU.Build.0 = Debug|Any CPU
		{653B97B1-36F1-4B65-83BD-0A1715F1B7CB}.Release|Any CPU.ActiveCfg = Release|Any CPU
		{653B97B1-36F1-4B65-83BD-0A1715F1B7CB}.Release|Any CPU.Build.0 = Release|Any CPU
		{E7D0975B-D034-44E4-A555-2BA837CD5C28}.Debug|Any CPU.ActiveCfg = Debug|Any CPU
		{E7D0975B-D034-44E4-A555-2BA837CD5C28}.Debug|Any CPU.Build.0 = Debug|Any CPU
		{E7D0975B-D034-44E4-A555-2BA837CD5C28}.Release|Any CPU.ActiveCfg = Release|Any CPU
		{E7D0975B-D034-44E4-A555-2BA837CD5C28}.Release|Any CPU.Build.0 = Release|Any CPU
		{CE9156E6-3281-49AB-913B-01CF083F7DBE}.Debug|Any CPU.ActiveCfg = Debug|Any CPU
		{CE9156E6-3281-49AB-913B-01CF083F7DBE}.Debug|Any CPU.Build.0 = Debug|Any CPU
		{CE9156E6-3281-49AB-913B-01CF083F7DBE}.Release|Any CPU.ActiveCfg = Release|Any CPU
		{CE9156E6-3281-49AB-913B-01CF083F7DBE}.Release|Any CPU.Build.0 = Release|Any CPU
		{C69B4941-2498-4CC8-B1C0-AAE723B03BD6}.Debug|Any CPU.ActiveCfg = Debug|Any CPU
		{C69B4941-2498-4CC8-B1C0-AAE723B03BD6}.Debug|Any CPU.Build.0 = Debug|Any CPU
		{C69B4941-2498-4CC8-B1C0-AAE723B03BD6}.Release|Any CPU.ActiveCfg = Release|Any CPU
		{C69B4941-2498-4CC8-B1C0-AAE723B03BD6}.Release|Any CPU.Build.0 = Release|Any CPU
		{281E0614-B02A-457E-BC09-BE60688C17B1}.Debug|Any CPU.ActiveCfg = Debug|Any CPU
		{281E0614-B02A-457E-BC09-BE60688C17B1}.Debug|Any CPU.Build.0 = Debug|Any CPU
		{281E0614-B02A-457E-BC09-BE60688C17B1}.Release|Any CPU.ActiveCfg = Release|Any CPU
		{281E0614-B02A-457E-BC09-BE60688C17B1}.Release|Any CPU.Build.0 = Release|Any CPU
		{47CACFE7-6983-4963-86BD-A594F9EACB54}.Debug|Any CPU.ActiveCfg = Debug|Any CPU
		{47CACFE7-6983-4963-86BD-A594F9EACB54}.Debug|Any CPU.Build.0 = Debug|Any CPU
		{47CACFE7-6983-4963-86BD-A594F9EACB54}.Release|Any CPU.ActiveCfg = Release|Any CPU
		{47CACFE7-6983-4963-86BD-A594F9EACB54}.Release|Any CPU.Build.0 = Release|Any CPU
		{9E0F4605-0B4C-4D61-9DB6-57B0010219EC}.Debug|Any CPU.ActiveCfg = Debug|Any CPU
		{9E0F4605-0B4C-4D61-9DB6-57B0010219EC}.Debug|Any CPU.Build.0 = Debug|Any CPU
		{9E0F4605-0B4C-4D61-9DB6-57B0010219EC}.Release|Any CPU.ActiveCfg = Release|Any CPU
		{9E0F4605-0B4C-4D61-9DB6-57B0010219EC}.Release|Any CPU.Build.0 = Release|Any CPU
		{CE8BE832-85B1-4111-8D41-50B919F2F7B0}.Debug|Any CPU.ActiveCfg = Debug|Any CPU
		{CE8BE832-85B1-4111-8D41-50B919F2F7B0}.Debug|Any CPU.Build.0 = Debug|Any CPU
		{CE8BE832-85B1-4111-8D41-50B919F2F7B0}.Release|Any CPU.ActiveCfg = Release|Any CPU
		{CE8BE832-85B1-4111-8D41-50B919F2F7B0}.Release|Any CPU.Build.0 = Release|Any CPU
		{8DFA9760-1AC4-4E00-A9BC-D770B9040B48}.Debug|Any CPU.ActiveCfg = Debug|Any CPU
		{8DFA9760-1AC4-4E00-A9BC-D770B9040B48}.Debug|Any CPU.Build.0 = Debug|Any CPU
		{8DFA9760-1AC4-4E00-A9BC-D770B9040B48}.Release|Any CPU.ActiveCfg = Release|Any CPU
		{8DFA9760-1AC4-4E00-A9BC-D770B9040B48}.Release|Any CPU.Build.0 = Release|Any CPU
		{CBFBEE68-A8E5-4370-B3C1-5CC347118C01}.Debug|Any CPU.ActiveCfg = Debug|Any CPU
		{CBFBEE68-A8E5-4370-B3C1-5CC347118C01}.Debug|Any CPU.Build.0 = Debug|Any CPU
		{CBFBEE68-A8E5-4370-B3C1-5CC347118C01}.Release|Any CPU.ActiveCfg = Release|Any CPU
		{CBFBEE68-A8E5-4370-B3C1-5CC347118C01}.Release|Any CPU.Build.0 = Release|Any CPU
		{2639CE92-F4BF-4FE5-B2AC-CE9D0BDF57B5}.Debug|Any CPU.ActiveCfg = Debug|Any CPU
		{2639CE92-F4BF-4FE5-B2AC-CE9D0BDF57B5}.Debug|Any CPU.Build.0 = Debug|Any CPU
		{2639CE92-F4BF-4FE5-B2AC-CE9D0BDF57B5}.Release|Any CPU.ActiveCfg = Release|Any CPU
		{2639CE92-F4BF-4FE5-B2AC-CE9D0BDF57B5}.Release|Any CPU.Build.0 = Release|Any CPU
		{59FDBC92-F123-4BCC-A14F-BF8BED5CE797}.Debug|Any CPU.ActiveCfg = Debug|Any CPU
		{59FDBC92-F123-4BCC-A14F-BF8BED5CE797}.Debug|Any CPU.Build.0 = Debug|Any CPU
		{59FDBC92-F123-4BCC-A14F-BF8BED5CE797}.Release|Any CPU.ActiveCfg = Release|Any CPU
		{59FDBC92-F123-4BCC-A14F-BF8BED5CE797}.Release|Any CPU.Build.0 = Release|Any CPU
		{8E8DED84-2126-4F68-ABAC-702CEE858EEA}.Debug|Any CPU.ActiveCfg = Debug|Any CPU
		{8E8DED84-2126-4F68-ABAC-702CEE858EEA}.Debug|Any CPU.Build.0 = Debug|Any CPU
		{8E8DED84-2126-4F68-ABAC-702CEE858EEA}.Release|Any CPU.ActiveCfg = Release|Any CPU
		{8E8DED84-2126-4F68-ABAC-702CEE858EEA}.Release|Any CPU.Build.0 = Release|Any CPU
		{7C5CCD47-C439-4393-B82D-1CF677B70D83}.Debug|Any CPU.ActiveCfg = Debug|Any CPU
		{7C5CCD47-C439-4393-B82D-1CF677B70D83}.Debug|Any CPU.Build.0 = Debug|Any CPU
		{7C5CCD47-C439-4393-B82D-1CF677B70D83}.Release|Any CPU.ActiveCfg = Release|Any CPU
		{7C5CCD47-C439-4393-B82D-1CF677B70D83}.Release|Any CPU.Build.0 = Release|Any CPU
		{2E30AFC6-D9BC-4C8E-A542-88B1A9C988E2}.Debug|Any CPU.ActiveCfg = Debug|Any CPU
		{2E30AFC6-D9BC-4C8E-A542-88B1A9C988E2}.Debug|Any CPU.Build.0 = Debug|Any CPU
		{2E30AFC6-D9BC-4C8E-A542-88B1A9C988E2}.Release|Any CPU.ActiveCfg = Release|Any CPU
		{2E30AFC6-D9BC-4C8E-A542-88B1A9C988E2}.Release|Any CPU.Build.0 = Release|Any CPU
		{7F113270-4B3C-47F1-A2D4-2F9D3F4EF9A0}.Debug|Any CPU.ActiveCfg = Debug|Any CPU
		{7F113270-4B3C-47F1-A2D4-2F9D3F4EF9A0}.Debug|Any CPU.Build.0 = Debug|Any CPU
		{7F113270-4B3C-47F1-A2D4-2F9D3F4EF9A0}.Release|Any CPU.ActiveCfg = Release|Any CPU
		{7F113270-4B3C-47F1-A2D4-2F9D3F4EF9A0}.Release|Any CPU.Build.0 = Release|Any CPU
	EndGlobalSection
	GlobalSection(SolutionProperties) = preSolution
		HideSolutionNode = FALSE
	EndGlobalSection
	GlobalSection(ExtensibilityGlobals) = postSolution
		SolutionGuid = {8B798741-46EA-4F55-8CA4-48AC8C80C97A}
	EndGlobalSection
EndGlobal
